
Microsoft Visual Studio Solution File, Format Version 12.00
# Visual Studio Express 15 for Windows Desktop
VisualStudioVersion = 15.0.28307.1972
MinimumVisualStudioVersion = 10.0.40219.1
Project("{8BC9CEB8-8B4A-11D0-8D11-00A0C91BC942}") = "Project2", "Project2\Project2.vcxproj", "{B05C2C5C-3502-4579-BE01-C47A9AE8042E}"
EndProject
Global
	GlobalSection(SolutionConfigurationPlatforms) = preSolution
		Debug|x64 = Debug|x64
		Debug|x86 = Debug|x86
		Release|x64 = Release|x64
		Release|x86 = Release|x86
	EndGlobalSection
	GlobalSection(ProjectConfigurationPlatforms) = postSolution
		{B05C2C5C-3502-4579-BE01-C47A9AE8042E}.Debug|x64.ActiveCfg = Debug|x64
		{B05C2C5C-3502-4579-BE01-C47A9AE8042E}.Debug|x64.Build.0 = Debug|x64
		{B05C2C5C-3502-4579-BE01-C47A9AE8042E}.Debug|x86.ActiveCfg = Debug|Win32
		{B05C2C5C-3502-4579-BE01-C47A9AE8042E}.Debug|x86.Build.0 = Debug|Win32
		{B05C2C5C-3502-4579-BE01-C47A9AE8042E}.Release|x64.ActiveCfg = Release|x64
		{B05C2C5C-3502-4579-BE01-C47A9AE8042E}.Release|x64.Build.0 = Release|x64
		{B05C2C5C-3502-4579-BE01-C47A9AE8042E}.Release|x86.ActiveCfg = Release|Win32
		{B05C2C5C-3502-4579-BE01-C47A9AE8042E}.Release|x86.Build.0 = Release|Win32
	EndGlobalSection
	GlobalSection(SolutionProperties) = preSolution
		HideSolutionNode = FALSE
	EndGlobalSection
	GlobalSection(ExtensibilityGlobals) = postSolution
		SolutionGuid = {B68372D5-9C97-4CA1-9C30-953CDD0220F4}
	EndGlobalSection
EndGlobal
